// !$*UTF8*$!
{
	archiveVersion = 1;
	classes = {
	};
	objectVersion = 48;
	objects = {

/* Begin PBXBuildFile section */
		3A352B608194D687F843D05E /* Pods_QRCode_GeneratorUITests.framework in Frameworks */ = {isa = PBXBuildFile; fileRef = 950F1F3D67BB95F6442BFE54 /* Pods_QRCode_GeneratorUITests.framework */; };
		424E3D2C206AA71E00C49E81 /* AppDelegate.swift in Sources */ = {isa = PBXBuildFile; fileRef = 424E3D2B206AA71E00C49E81 /* AppDelegate.swift */; };
		424E3D2E206AA71E00C49E81 /* ViewController.swift in Sources */ = {isa = PBXBuildFile; fileRef = 424E3D2D206AA71E00C49E81 /* ViewController.swift */; };
		424E3D31206AA71E00C49E81 /* Main.storyboard in Resources */ = {isa = PBXBuildFile; fileRef = 424E3D2F206AA71E00C49E81 /* Main.storyboard */; };
		424E3D33206AA71E00C49E81 /* Assets.xcassets in Resources */ = {isa = PBXBuildFile; fileRef = 424E3D32206AA71E00C49E81 /* Assets.xcassets */; };
		424E3D36206AA71E00C49E81 /* LaunchScreen.storyboard in Resources */ = {isa = PBXBuildFile; fileRef = 424E3D34206AA71E00C49E81 /* LaunchScreen.storyboard */; };
		424E3D41206AA71E00C49E81 /* QRCode_GeneratorTests.swift in Sources */ = {isa = PBXBuildFile; fileRef = 424E3D40206AA71E00C49E81 /* QRCode_GeneratorTests.swift */; };
		424E3D4C206AA71E00C49E81 /* QRCode_GeneratorUITests.swift in Sources */ = {isa = PBXBuildFile; fileRef = 424E3D4B206AA71E00C49E81 /* QRCode_GeneratorUITests.swift */; };
		42C167A4206FF52800B55886 /* QRScannerViewController.swift in Sources */ = {isa = PBXBuildFile; fileRef = 42C167A3206FF52800B55886 /* QRScannerViewController.swift */; };
		4BB3C540C182D6839B160B7A /* Pods_QRCode_Generator.framework in Frameworks */ = {isa = PBXBuildFile; fileRef = CF133738E9353E7BF272B6A1 /* Pods_QRCode_Generator.framework */; };
		526CB17615A14D55080B86D3 /* Pods_QRCode_GeneratorTests.framework in Frameworks */ = {isa = PBXBuildFile; fileRef = 4D3CACA86F5B766CE9388C56 /* Pods_QRCode_GeneratorTests.framework */; };
		5B92CDF32075BA3900F67E7D /* CC 2017 Logo.png in Resources */ = {isa = PBXBuildFile; fileRef = 5B92CDF22075BA3900F67E7D /* CC 2017 Logo.png */; };
		8CEEBFFC2083BB3D00463031 /* GoogleService-Info.plist in Resources */ = {isa = PBXBuildFile; fileRef = 8CEEBFFB2083BB3C00463031 /* GoogleService-Info.plist */; };
/* End PBXBuildFile section */

/* Begin PBXContainerItemProxy section */
		424E3D3D206AA71E00C49E81 /* PBXContainerItemProxy */ = {
			isa = PBXContainerItemProxy;
			containerPortal = 424E3D20206AA71E00C49E81 /* Project object */;
			proxyType = 1;
			remoteGlobalIDString = 424E3D27206AA71E00C49E81;
			remoteInfo = "QRCode-Generator";
		};
		424E3D48206AA71E00C49E81 /* PBXContainerItemProxy */ = {
			isa = PBXContainerItemProxy;
			containerPortal = 424E3D20206AA71E00C49E81 /* Project object */;
			proxyType = 1;
			remoteGlobalIDString = 424E3D27206AA71E00C49E81;
			remoteInfo = "QRCode-Generator";
		};
/* End PBXContainerItemProxy section */

/* Begin PBXFileReference section */
		112B1D4592F11646C7461071 /* Pods-QRCode-Generator.debug.xcconfig */ = {isa = PBXFileReference; includeInIndex = 1; lastKnownFileType = text.xcconfig; name = "Pods-QRCode-Generator.debug.xcconfig"; path = "Pods/Target Support Files/Pods-QRCode-Generator/Pods-QRCode-Generator.debug.xcconfig"; sourceTree = "<group>"; };
		1458697859EE3FA86BA95D19 /* Pods-QRCode-Generator.release.xcconfig */ = {isa = PBXFileReference; includeInIndex = 1; lastKnownFileType = text.xcconfig; name = "Pods-QRCode-Generator.release.xcconfig"; path = "Pods/Target Support Files/Pods-QRCode-Generator/Pods-QRCode-Generator.release.xcconfig"; sourceTree = "<group>"; };
		1E752C6CDDB77ADEB13D1597 /* Pods-QRCode-GeneratorUITests.release.xcconfig */ = {isa = PBXFileReference; includeInIndex = 1; lastKnownFileType = text.xcconfig; name = "Pods-QRCode-GeneratorUITests.release.xcconfig"; path = "Pods/Target Support Files/Pods-QRCode-GeneratorUITests/Pods-QRCode-GeneratorUITests.release.xcconfig"; sourceTree = "<group>"; };
		32EB9EBEEA6262F1577F1629 /* Pods-QRCode-GeneratorTests.debug.xcconfig */ = {isa = PBXFileReference; includeInIndex = 1; lastKnownFileType = text.xcconfig; name = "Pods-QRCode-GeneratorTests.debug.xcconfig"; path = "Pods/Target Support Files/Pods-QRCode-GeneratorTests/Pods-QRCode-GeneratorTests.debug.xcconfig"; sourceTree = "<group>"; };
		424E3D28206AA71E00C49E81 /* QRCode-Generator.app */ = {isa = PBXFileReference; explicitFileType = wrapper.application; includeInIndex = 0; path = "QRCode-Generator.app"; sourceTree = BUILT_PRODUCTS_DIR; };
		424E3D2B206AA71E00C49E81 /* AppDelegate.swift */ = {isa = PBXFileReference; lastKnownFileType = sourcecode.swift; path = AppDelegate.swift; sourceTree = "<group>"; };
		424E3D2D206AA71E00C49E81 /* ViewController.swift */ = {isa = PBXFileReference; lastKnownFileType = sourcecode.swift; path = ViewController.swift; sourceTree = "<group>"; };
		424E3D30206AA71E00C49E81 /* Base */ = {isa = PBXFileReference; lastKnownFileType = file.storyboard; name = Base; path = Base.lproj/Main.storyboard; sourceTree = "<group>"; };
		424E3D32206AA71E00C49E81 /* Assets.xcassets */ = {isa = PBXFileReference; lastKnownFileType = folder.assetcatalog; path = Assets.xcassets; sourceTree = "<group>"; };
		424E3D35206AA71E00C49E81 /* Base */ = {isa = PBXFileReference; lastKnownFileType = file.storyboard; name = Base; path = Base.lproj/LaunchScreen.storyboard; sourceTree = "<group>"; };
		424E3D37206AA71E00C49E81 /* Info.plist */ = {isa = PBXFileReference; lastKnownFileType = text.plist.xml; path = Info.plist; sourceTree = "<group>"; };
		424E3D3C206AA71E00C49E81 /* QRCode-GeneratorTests.xctest */ = {isa = PBXFileReference; explicitFileType = wrapper.cfbundle; includeInIndex = 0; path = "QRCode-GeneratorTests.xctest"; sourceTree = BUILT_PRODUCTS_DIR; };
		424E3D40206AA71E00C49E81 /* QRCode_GeneratorTests.swift */ = {isa = PBXFileReference; lastKnownFileType = sourcecode.swift; path = QRCode_GeneratorTests.swift; sourceTree = "<group>"; };
		424E3D42206AA71E00C49E81 /* Info.plist */ = {isa = PBXFileReference; lastKnownFileType = text.plist.xml; path = Info.plist; sourceTree = "<group>"; };
		424E3D47206AA71E00C49E81 /* QRCode-GeneratorUITests.xctest */ = {isa = PBXFileReference; explicitFileType = wrapper.cfbundle; includeInIndex = 0; path = "QRCode-GeneratorUITests.xctest"; sourceTree = BUILT_PRODUCTS_DIR; };
		424E3D4B206AA71E00C49E81 /* QRCode_GeneratorUITests.swift */ = {isa = PBXFileReference; lastKnownFileType = sourcecode.swift; path = QRCode_GeneratorUITests.swift; sourceTree = "<group>"; };
		424E3D4D206AA71E00C49E81 /* Info.plist */ = {isa = PBXFileReference; lastKnownFileType = text.plist.xml; path = Info.plist; sourceTree = "<group>"; };
		42C167A3206FF52800B55886 /* QRScannerViewController.swift */ = {isa = PBXFileReference; lastKnownFileType = sourcecode.swift; path = QRScannerViewController.swift; sourceTree = "<group>"; };
		4D3CACA86F5B766CE9388C56 /* Pods_QRCode_GeneratorTests.framework */ = {isa = PBXFileReference; explicitFileType = wrapper.framework; includeInIndex = 0; path = Pods_QRCode_GeneratorTests.framework; sourceTree = BUILT_PRODUCTS_DIR; };
		5B92CDF22075BA3900F67E7D /* CC 2017 Logo.png */ = {isa = PBXFileReference; lastKnownFileType = image.png; path = "CC 2017 Logo.png"; sourceTree = "<group>"; };
		61FB0E4D061BA41B49B02B6D /* Pods-QRCode-GeneratorUITests.debug.xcconfig */ = {isa = PBXFileReference; includeInIndex = 1; lastKnownFileType = text.xcconfig; name = "Pods-QRCode-GeneratorUITests.debug.xcconfig"; path = "Pods/Target Support Files/Pods-QRCode-GeneratorUITests/Pods-QRCode-GeneratorUITests.debug.xcconfig"; sourceTree = "<group>"; };
		8CEEBFFB2083BB3C00463031 /* GoogleService-Info.plist */ = {isa = PBXFileReference; fileEncoding = 4; lastKnownFileType = text.plist.xml; name = "GoogleService-Info.plist"; path = "../../../../../Downloads/GoogleService-Info.plist"; sourceTree = "<group>"; };
		950F1F3D67BB95F6442BFE54 /* Pods_QRCode_GeneratorUITests.framework */ = {isa = PBXFileReference; explicitFileType = wrapper.framework; includeInIndex = 0; path = Pods_QRCode_GeneratorUITests.framework; sourceTree = BUILT_PRODUCTS_DIR; };
		A6B190822776F31C3B496CB0 /* Pods-QRCode-GeneratorTests.release.xcconfig */ = {isa = PBXFileReference; includeInIndex = 1; lastKnownFileType = text.xcconfig; name = "Pods-QRCode-GeneratorTests.release.xcconfig"; path = "Pods/Target Support Files/Pods-QRCode-GeneratorTests/Pods-QRCode-GeneratorTests.release.xcconfig"; sourceTree = "<group>"; };
		CF133738E9353E7BF272B6A1 /* Pods_QRCode_Generator.framework */ = {isa = PBXFileReference; explicitFileType = wrapper.framework; includeInIndex = 0; path = Pods_QRCode_Generator.framework; sourceTree = BUILT_PRODUCTS_DIR; };
/* End PBXFileReference section */

/* Begin PBXFrameworksBuildPhase section */
		424E3D25206AA71E00C49E81 /* Frameworks */ = {
			isa = PBXFrameworksBuildPhase;
			buildActionMask = 2147483647;
			files = (
				4BB3C540C182D6839B160B7A /* Pods_QRCode_Generator.framework in Frameworks */,
			);
			runOnlyForDeploymentPostprocessing = 0;
		};
		424E3D39206AA71E00C49E81 /* Frameworks */ = {
			isa = PBXFrameworksBuildPhase;
			buildActionMask = 2147483647;
			files = (
				526CB17615A14D55080B86D3 /* Pods_QRCode_GeneratorTests.framework in Frameworks */,
			);
			runOnlyForDeploymentPostprocessing = 0;
		};
		424E3D44206AA71E00C49E81 /* Frameworks */ = {
			isa = PBXFrameworksBuildPhase;
			buildActionMask = 2147483647;
			files = (
				3A352B608194D687F843D05E /* Pods_QRCode_GeneratorUITests.framework in Frameworks */,
			);
			runOnlyForDeploymentPostprocessing = 0;
		};
/* End PBXFrameworksBuildPhase section */

/* Begin PBXGroup section */
		424E3D1F206AA71E00C49E81 = {
			isa = PBXGroup;
			children = (
				424E3D2A206AA71E00C49E81 /* QRCode-Generator */,
				424E3D3F206AA71E00C49E81 /* QRCode-GeneratorTests */,
				424E3D4A206AA71E00C49E81 /* QRCode-GeneratorUITests */,
				424E3D29206AA71E00C49E81 /* Products */,
				E41E001AAAE6B582C70FE6A3 /* Pods */,
				D440132D87FFF131E7F98429 /* Frameworks */,
			);
			sourceTree = "<group>";
		};
		424E3D29206AA71E00C49E81 /* Products */ = {
			isa = PBXGroup;
			children = (
				424E3D28206AA71E00C49E81 /* QRCode-Generator.app */,
				424E3D3C206AA71E00C49E81 /* QRCode-GeneratorTests.xctest */,
				424E3D47206AA71E00C49E81 /* QRCode-GeneratorUITests.xctest */,
			);
			name = Products;
			sourceTree = "<group>";
		};
		424E3D2A206AA71E00C49E81 /* QRCode-Generator */ = {
			isa = PBXGroup;
			children = (
				424E3D2F206AA71E00C49E81 /* Main.storyboard */,
				424E3D34206AA71E00C49E81 /* LaunchScreen.storyboard */,
				424E3D2B206AA71E00C49E81 /* AppDelegate.swift */,
				424E3D2D206AA71E00C49E81 /* ViewController.swift */,
				42C167A3206FF52800B55886 /* QRScannerViewController.swift */,
				424E3D32206AA71E00C49E81 /* Assets.xcassets */,
				8CEEBFFB2083BB3C00463031 /* GoogleService-Info.plist */,
				424E3D37206AA71E00C49E81 /* Info.plist */,
				5B92CDF22075BA3900F67E7D /* CC 2017 Logo.png */,
			);
			path = "QRCode-Generator";
			sourceTree = "<group>";
		};
		424E3D3F206AA71E00C49E81 /* QRCode-GeneratorTests */ = {
			isa = PBXGroup;
			children = (
				424E3D40206AA71E00C49E81 /* QRCode_GeneratorTests.swift */,
				424E3D42206AA71E00C49E81 /* Info.plist */,
			);
			path = "QRCode-GeneratorTests";
			sourceTree = "<group>";
		};
		424E3D4A206AA71E00C49E81 /* QRCode-GeneratorUITests */ = {
			isa = PBXGroup;
			children = (
				424E3D4B206AA71E00C49E81 /* QRCode_GeneratorUITests.swift */,
				424E3D4D206AA71E00C49E81 /* Info.plist */,
			);
			path = "QRCode-GeneratorUITests";
			sourceTree = "<group>";
		};
		D440132D87FFF131E7F98429 /* Frameworks */ = {
			isa = PBXGroup;
			children = (
				CF133738E9353E7BF272B6A1 /* Pods_QRCode_Generator.framework */,
				4D3CACA86F5B766CE9388C56 /* Pods_QRCode_GeneratorTests.framework */,
				950F1F3D67BB95F6442BFE54 /* Pods_QRCode_GeneratorUITests.framework */,
			);
			name = Frameworks;
			sourceTree = "<group>";
		};
		E41E001AAAE6B582C70FE6A3 /* Pods */ = {
			isa = PBXGroup;
			children = (
				112B1D4592F11646C7461071 /* Pods-QRCode-Generator.debug.xcconfig */,
				1458697859EE3FA86BA95D19 /* Pods-QRCode-Generator.release.xcconfig */,
				32EB9EBEEA6262F1577F1629 /* Pods-QRCode-GeneratorTests.debug.xcconfig */,
				A6B190822776F31C3B496CB0 /* Pods-QRCode-GeneratorTests.release.xcconfig */,
				61FB0E4D061BA41B49B02B6D /* Pods-QRCode-GeneratorUITests.debug.xcconfig */,
				1E752C6CDDB77ADEB13D1597 /* Pods-QRCode-GeneratorUITests.release.xcconfig */,
			);
			name = Pods;
			sourceTree = "<group>";
		};
/* End PBXGroup section */

/* Begin PBXNativeTarget section */
		424E3D27206AA71E00C49E81 /* QRCode-Generator */ = {
			isa = PBXNativeTarget;
			buildConfigurationList = 424E3D50206AA71E00C49E81 /* Build configuration list for PBXNativeTarget "QRCode-Generator" */;
			buildPhases = (
				AC96291356F2362E6EF57F7B /* [CP] Check Pods Manifest.lock */,
				424E3D24206AA71E00C49E81 /* Sources */,
				424E3D25206AA71E00C49E81 /* Frameworks */,
				424E3D26206AA71E00C49E81 /* Resources */,
				0DC2A1D1B4229355ED7743EC /* [CP] Embed Pods Frameworks */,
				2791236683BBB17E0913C797 /* [CP] Copy Pods Resources */,
			);
			buildRules = (
			);
			dependencies = (
			);
			name = "QRCode-Generator";
			productName = "QRCode-Generator";
			productReference = 424E3D28206AA71E00C49E81 /* QRCode-Generator.app */;
			productType = "com.apple.product-type.application";
		};
		424E3D3B206AA71E00C49E81 /* QRCode-GeneratorTests */ = {
			isa = PBXNativeTarget;
			buildConfigurationList = 424E3D53206AA71E00C49E81 /* Build configuration list for PBXNativeTarget "QRCode-GeneratorTests" */;
			buildPhases = (
				9CBADFEBD020BD15F1585D2B /* [CP] Check Pods Manifest.lock */,
				424E3D38206AA71E00C49E81 /* Sources */,
				424E3D39206AA71E00C49E81 /* Frameworks */,
				424E3D3A206AA71E00C49E81 /* Resources */,
				C7438DF85E7C1CE811F956B0 /* [CP] Embed Pods Frameworks */,
				E1C68A85DE18367E67712F75 /* [CP] Copy Pods Resources */,
			);
			buildRules = (
			);
			dependencies = (
				424E3D3E206AA71E00C49E81 /* PBXTargetDependency */,
			);
			name = "QRCode-GeneratorTests";
			productName = "QRCode-GeneratorTests";
			productReference = 424E3D3C206AA71E00C49E81 /* QRCode-GeneratorTests.xctest */;
			productType = "com.apple.product-type.bundle.unit-test";
		};
		424E3D46206AA71E00C49E81 /* QRCode-GeneratorUITests */ = {
			isa = PBXNativeTarget;
			buildConfigurationList = 424E3D56206AA71E00C49E81 /* Build configuration list for PBXNativeTarget "QRCode-GeneratorUITests" */;
			buildPhases = (
				A905C4704A4F0093198988BB /* [CP] Check Pods Manifest.lock */,
				424E3D43206AA71E00C49E81 /* Sources */,
				424E3D44206AA71E00C49E81 /* Frameworks */,
				424E3D45206AA71E00C49E81 /* Resources */,
				3D5849248537F923186DD8F8 /* [CP] Embed Pods Frameworks */,
				BD57E42D36738ED074A0A768 /* [CP] Copy Pods Resources */,
			);
			buildRules = (
			);
			dependencies = (
				424E3D49206AA71E00C49E81 /* PBXTargetDependency */,
			);
			name = "QRCode-GeneratorUITests";
			productName = "QRCode-GeneratorUITests";
			productReference = 424E3D47206AA71E00C49E81 /* QRCode-GeneratorUITests.xctest */;
			productType = "com.apple.product-type.bundle.ui-testing";
		};
/* End PBXNativeTarget section */

/* Begin PBXProject section */
		424E3D20206AA71E00C49E81 /* Project object */ = {
			isa = PBXProject;
			attributes = {
				LastSwiftUpdateCheck = 0920;
				LastUpgradeCheck = 0920;
				ORGANIZATIONNAME = "Janet Liu";
				TargetAttributes = {
					424E3D27206AA71E00C49E81 = {
						CreatedOnToolsVersion = 9.2;
						ProvisioningStyle = Automatic;
					};
					424E3D3B206AA71E00C49E81 = {
						CreatedOnToolsVersion = 9.2;
						ProvisioningStyle = Automatic;
						TestTargetID = 424E3D27206AA71E00C49E81;
					};
					424E3D46206AA71E00C49E81 = {
						CreatedOnToolsVersion = 9.2;
						ProvisioningStyle = Automatic;
						TestTargetID = 424E3D27206AA71E00C49E81;
					};
				};
			};
			buildConfigurationList = 424E3D23206AA71E00C49E81 /* Build configuration list for PBXProject "QRCode-Generator" */;
			compatibilityVersion = "Xcode 8.0";
			developmentRegion = en;
			hasScannedForEncodings = 0;
			knownRegions = (
				en,
				Base,
			);
			mainGroup = 424E3D1F206AA71E00C49E81;
			productRefGroup = 424E3D29206AA71E00C49E81 /* Products */;
			projectDirPath = "";
			projectRoot = "";
			targets = (
				424E3D27206AA71E00C49E81 /* QRCode-Generator */,
				424E3D3B206AA71E00C49E81 /* QRCode-GeneratorTests */,
				424E3D46206AA71E00C49E81 /* QRCode-GeneratorUITests */,
			);
		};
/* End PBXProject section */

/* Begin PBXResourcesBuildPhase section */
		424E3D26206AA71E00C49E81 /* Resources */ = {
			isa = PBXResourcesBuildPhase;
			buildActionMask = 2147483647;
			files = (
				424E3D36206AA71E00C49E81 /* LaunchScreen.storyboard in Resources */,
				5B92CDF32075BA3900F67E7D /* CC 2017 Logo.png in Resources */,
				8CEEBFFC2083BB3D00463031 /* GoogleService-Info.plist in Resources */,
				424E3D33206AA71E00C49E81 /* Assets.xcassets in Resources */,
				424E3D31206AA71E00C49E81 /* Main.storyboard in Resources */,
			);
			runOnlyForDeploymentPostprocessing = 0;
		};
		424E3D3A206AA71E00C49E81 /* Resources */ = {
			isa = PBXResourcesBuildPhase;
			buildActionMask = 2147483647;
			files = (
			);
			runOnlyForDeploymentPostprocessing = 0;
		};
		424E3D45206AA71E00C49E81 /* Resources */ = {
			isa = PBXResourcesBuildPhase;
			buildActionMask = 2147483647;
			files = (
			);
			runOnlyForDeploymentPostprocessing = 0;
		};
/* End PBXResourcesBuildPhase section */

/* Begin PBXShellScriptBuildPhase section */
		0DC2A1D1B4229355ED7743EC /* [CP] Embed Pods Frameworks */ = {
			isa = PBXShellScriptBuildPhase;
			buildActionMask = 2147483647;
			files = (
			);
			inputPaths = (
				"${SRCROOT}/Pods/Target Support Files/Pods-QRCode-Generator/Pods-QRCode-Generator-frameworks.sh",
				"${BUILT_PRODUCTS_DIR}/GoogleToolboxForMac/GoogleToolboxForMac.framework",
				"${PODS_ROOT}/Instabug/Instabug.framework",
				"${PODS_ROOT}/Instabug/Instabug.framework.dSYM",
				"${PODS_ROOT}/Instabug/InstabugCore.framework",
				"${PODS_ROOT}/Instabug/InstabugCore.framework.dSYM",
				"${BUILT_PRODUCTS_DIR}/leveldb-library/leveldb.framework",
				"${BUILT_PRODUCTS_DIR}/nanopb/nanopb.framework",
			);
			name = "[CP] Embed Pods Frameworks";
			outputPaths = (
				"${TARGET_BUILD_DIR}/${FRAMEWORKS_FOLDER_PATH}/GoogleToolboxForMac.framework",
				"${TARGET_BUILD_DIR}/${FRAMEWORKS_FOLDER_PATH}/Instabug.framework",
				"${DWARF_DSYM_FOLDER_PATH}/Instabug.framework.dSYM",
				"${TARGET_BUILD_DIR}/${FRAMEWORKS_FOLDER_PATH}/InstabugCore.framework",
				"${DWARF_DSYM_FOLDER_PATH}/InstabugCore.framework.dSYM",
				"${TARGET_BUILD_DIR}/${FRAMEWORKS_FOLDER_PATH}/leveldb.framework",
				"${TARGET_BUILD_DIR}/${FRAMEWORKS_FOLDER_PATH}/nanopb.framework",
			);
			runOnlyForDeploymentPostprocessing = 0;
			shellPath = /bin/sh;
			shellScript = "\"${SRCROOT}/Pods/Target Support Files/Pods-QRCode-Generator/Pods-QRCode-Generator-frameworks.sh\"\n";
			showEnvVarsInLog = 0;
		};
		2791236683BBB17E0913C797 /* [CP] Copy Pods Resources */ = {
			isa = PBXShellScriptBuildPhase;
			buildActionMask = 2147483647;
			files = (
			);
			inputPaths = (
			);
			name = "[CP] Copy Pods Resources";
			outputPaths = (
			);
			runOnlyForDeploymentPostprocessing = 0;
			shellPath = /bin/sh;
			shellScript = "\"${SRCROOT}/Pods/Target Support Files/Pods-QRCode-Generator/Pods-QRCode-Generator-resources.sh\"\n";
			showEnvVarsInLog = 0;
		};
		3D5849248537F923186DD8F8 /* [CP] Embed Pods Frameworks */ = {
			isa = PBXShellScriptBuildPhase;
			buildActionMask = 2147483647;
			files = (
			);
			inputPaths = (
			);
			name = "[CP] Embed Pods Frameworks";
			outputPaths = (
			);
			runOnlyForDeploymentPostprocessing = 0;
			shellPath = /bin/sh;
			shellScript = "\"${SRCROOT}/Pods/Target Support Files/Pods-QRCode-GeneratorUITests/Pods-QRCode-GeneratorUITests-frameworks.sh\"\n";
			showEnvVarsInLog = 0;
		};
		9CBADFEBD020BD15F1585D2B /* [CP] Check Pods Manifest.lock */ = {
			isa = PBXShellScriptBuildPhase;
			buildActionMask = 2147483647;
			files = (
			);
			inputPaths = (
				"${PODS_PODFILE_DIR_PATH}/Podfile.lock",
				"${PODS_ROOT}/Manifest.lock",
			);
			name = "[CP] Check Pods Manifest.lock";
			outputPaths = (
				"$(DERIVED_FILE_DIR)/Pods-QRCode-GeneratorTests-checkManifestLockResult.txt",
			);
			runOnlyForDeploymentPostprocessing = 0;
			shellPath = /bin/sh;
			shellScript = "diff \"${PODS_PODFILE_DIR_PATH}/Podfile.lock\" \"${PODS_ROOT}/Manifest.lock\" > /dev/null\nif [ $? != 0 ] ; then\n    # print error to STDERR\n    echo \"error: The sandbox is not in sync with the Podfile.lock. Run 'pod install' or update your CocoaPods installation.\" >&2\n    exit 1\nfi\n# This output is used by Xcode 'outputs' to avoid re-running this script phase.\necho \"SUCCESS\" > \"${SCRIPT_OUTPUT_FILE_0}\"\n";
			showEnvVarsInLog = 0;
		};
		A905C4704A4F0093198988BB /* [CP] Check Pods Manifest.lock */ = {
			isa = PBXShellScriptBuildPhase;
			buildActionMask = 2147483647;
			files = (
			);
			inputPaths = (
				"${PODS_PODFILE_DIR_PATH}/Podfile.lock",
				"${PODS_ROOT}/Manifest.lock",
			);
			name = "[CP] Check Pods Manifest.lock";
			outputPaths = (
				"$(DERIVED_FILE_DIR)/Pods-QRCode-GeneratorUITests-checkManifestLockResult.txt",
			);
			runOnlyForDeploymentPostprocessing = 0;
			shellPath = /bin/sh;
			shellScript = "diff \"${PODS_PODFILE_DIR_PATH}/Podfile.lock\" \"${PODS_ROOT}/Manifest.lock\" > /dev/null\nif [ $? != 0 ] ; then\n    # print error to STDERR\n    echo \"error: The sandbox is not in sync with the Podfile.lock. Run 'pod install' or update your CocoaPods installation.\" >&2\n    exit 1\nfi\n# This output is used by Xcode 'outputs' to avoid re-running this script phase.\necho \"SUCCESS\" > \"${SCRIPT_OUTPUT_FILE_0}\"\n";
			showEnvVarsInLog = 0;
		};
		AC96291356F2362E6EF57F7B /* [CP] Check Pods Manifest.lock */ = {
			isa = PBXShellScriptBuildPhase;
			buildActionMask = 2147483647;
			files = (
			);
			inputPaths = (
				"${PODS_PODFILE_DIR_PATH}/Podfile.lock",
				"${PODS_ROOT}/Manifest.lock",
			);
			name = "[CP] Check Pods Manifest.lock";
			outputPaths = (
				"$(DERIVED_FILE_DIR)/Pods-QRCode-Generator-checkManifestLockResult.txt",
			);
			runOnlyForDeploymentPostprocessing = 0;
			shellPath = /bin/sh;
			shellScript = "diff \"${PODS_PODFILE_DIR_PATH}/Podfile.lock\" \"${PODS_ROOT}/Manifest.lock\" > /dev/null\nif [ $? != 0 ] ; then\n    # print error to STDERR\n    echo \"error: The sandbox is not in sync with the Podfile.lock. Run 'pod install' or update your CocoaPods installation.\" >&2\n    exit 1\nfi\n# This output is used by Xcode 'outputs' to avoid re-running this script phase.\necho \"SUCCESS\" > \"${SCRIPT_OUTPUT_FILE_0}\"\n";
			showEnvVarsInLog = 0;
		};
		BD57E42D36738ED074A0A768 /* [CP] Copy Pods Resources */ = {
			isa = PBXShellScriptBuildPhase;
			buildActionMask = 2147483647;
			files = (
			);
			inputPaths = (
			);
			name = "[CP] Copy Pods Resources";
			outputPaths = (
			);
			runOnlyForDeploymentPostprocessing = 0;
			shellPath = /bin/sh;
			shellScript = "\"${SRCROOT}/Pods/Target Support Files/Pods-QRCode-GeneratorUITests/Pods-QRCode-GeneratorUITests-resources.sh\"\n";
			showEnvVarsInLog = 0;
		};
		C7438DF85E7C1CE811F956B0 /* [CP] Embed Pods Frameworks */ = {
			isa = PBXShellScriptBuildPhase;
			buildActionMask = 2147483647;
			files = (
			);
			inputPaths = (
			);
			name = "[CP] Embed Pods Frameworks";
			outputPaths = (
			);
			runOnlyForDeploymentPostprocessing = 0;
			shellPath = /bin/sh;
			shellScript = "\"${SRCROOT}/Pods/Target Support Files/Pods-QRCode-GeneratorTests/Pods-QRCode-GeneratorTests-frameworks.sh\"\n";
			showEnvVarsInLog = 0;
		};
		E1C68A85DE18367E67712F75 /* [CP] Copy Pods Resources */ = {
			isa = PBXShellScriptBuildPhase;
			buildActionMask = 2147483647;
			files = (
			);
			inputPaths = (
			);
			name = "[CP] Copy Pods Resources";
			outputPaths = (
			);
			runOnlyForDeploymentPostprocessing = 0;
			shellPath = /bin/sh;
			shellScript = "\"${SRCROOT}/Pods/Target Support Files/Pods-QRCode-GeneratorTests/Pods-QRCode-GeneratorTests-resources.sh\"\n";
			showEnvVarsInLog = 0;
		};
/* End PBXShellScriptBuildPhase section */

/* Begin PBXSourcesBuildPhase section */
		424E3D24206AA71E00C49E81 /* Sources */ = {
			isa = PBXSourcesBuildPhase;
			buildActionMask = 2147483647;
			files = (
				424E3D2E206AA71E00C49E81 /* ViewController.swift in Sources */,
				424E3D2C206AA71E00C49E81 /* AppDelegate.swift in Sources */,
				42C167A4206FF52800B55886 /* QRScannerViewController.swift in Sources */,
			);
			runOnlyForDeploymentPostprocessing = 0;
		};
		424E3D38206AA71E00C49E81 /* Sources */ = {
			isa = PBXSourcesBuildPhase;
			buildActionMask = 2147483647;
			files = (
				424E3D41206AA71E00C49E81 /* QRCode_GeneratorTests.swift in Sources */,
			);
			runOnlyForDeploymentPostprocessing = 0;
		};
		424E3D43206AA71E00C49E81 /* Sources */ = {
			isa = PBXSourcesBuildPhase;
			buildActionMask = 2147483647;
			files = (
				424E3D4C206AA71E00C49E81 /* QRCode_GeneratorUITests.swift in Sources */,
			);
			runOnlyForDeploymentPostprocessing = 0;
		};
/* End PBXSourcesBuildPhase section */

/* Begin PBXTargetDependency section */
		424E3D3E206AA71E00C49E81 /* PBXTargetDependency */ = {
			isa = PBXTargetDependency;
			target = 424E3D27206AA71E00C49E81 /* QRCode-Generator */;
			targetProxy = 424E3D3D206AA71E00C49E81 /* PBXContainerItemProxy */;
		};
		424E3D49206AA71E00C49E81 /* PBXTargetDependency */ = {
			isa = PBXTargetDependency;
			target = 424E3D27206AA71E00C49E81 /* QRCode-Generator */;
			targetProxy = 424E3D48206AA71E00C49E81 /* PBXContainerItemProxy */;
		};
/* End PBXTargetDependency section */

/* Begin PBXVariantGroup section */
		424E3D2F206AA71E00C49E81 /* Main.storyboard */ = {
			isa = PBXVariantGroup;
			children = (
				424E3D30206AA71E00C49E81 /* Base */,
			);
			name = Main.storyboard;
			sourceTree = "<group>";
		};
		424E3D34206AA71E00C49E81 /* LaunchScreen.storyboard */ = {
			isa = PBXVariantGroup;
			children = (
				424E3D35206AA71E00C49E81 /* Base */,
			);
			name = LaunchScreen.storyboard;
			sourceTree = "<group>";
		};
/* End PBXVariantGroup section */

/* Begin XCBuildConfiguration section */
		424E3D4E206AA71E00C49E81 /* Debug */ = {
			isa = XCBuildConfiguration;
			buildSettings = {
				ALWAYS_SEARCH_USER_PATHS = NO;
				CLANG_ANALYZER_NONNULL = YES;
				CLANG_ANALYZER_NUMBER_OBJECT_CONVERSION = YES_AGGRESSIVE;
				CLANG_CXX_LANGUAGE_STANDARD = "gnu++14";
				CLANG_CXX_LIBRARY = "libc++";
				CLANG_ENABLE_MODULES = YES;
				CLANG_ENABLE_OBJC_ARC = YES;
				CLANG_WARN_BLOCK_CAPTURE_AUTORELEASING = YES;
				CLANG_WARN_BOOL_CONVERSION = YES;
				CLANG_WARN_COMMA = YES;
				CLANG_WARN_CONSTANT_CONVERSION = YES;
				CLANG_WARN_DIRECT_OBJC_ISA_USAGE = YES_ERROR;
				CLANG_WARN_DOCUMENTATION_COMMENTS = YES;
				CLANG_WARN_EMPTY_BODY = YES;
				CLANG_WARN_ENUM_CONVERSION = YES;
				CLANG_WARN_INFINITE_RECURSION = YES;
				CLANG_WARN_INT_CONVERSION = YES;
				CLANG_WARN_NON_LITERAL_NULL_CONVERSION = YES;
				CLANG_WARN_OBJC_LITERAL_CONVERSION = YES;
				CLANG_WARN_OBJC_ROOT_CLASS = YES_ERROR;
				CLANG_WARN_RANGE_LOOP_ANALYSIS = YES;
				CLANG_WARN_STRICT_PROTOTYPES = YES;
				CLANG_WARN_SUSPICIOUS_MOVE = YES;
				CLANG_WARN_UNGUARDED_AVAILABILITY = YES_AGGRESSIVE;
				CLANG_WARN_UNREACHABLE_CODE = YES;
				CLANG_WARN__DUPLICATE_METHOD_MATCH = YES;
				CODE_SIGN_IDENTITY = "iPhone Developer";
				COPY_PHASE_STRIP = NO;
				DEBUG_INFORMATION_FORMAT = dwarf;
				ENABLE_STRICT_OBJC_MSGSEND = YES;
				ENABLE_TESTABILITY = YES;
				GCC_C_LANGUAGE_STANDARD = gnu11;
				GCC_DYNAMIC_NO_PIC = NO;
				GCC_NO_COMMON_BLOCKS = YES;
				GCC_OPTIMIZATION_LEVEL = 0;
				GCC_PREPROCESSOR_DEFINITIONS = (
					"DEBUG=1",
					"$(inherited)",
				);
				GCC_WARN_64_TO_32_BIT_CONVERSION = YES;
				GCC_WARN_ABOUT_RETURN_TYPE = YES_ERROR;
				GCC_WARN_UNDECLARED_SELECTOR = YES;
				GCC_WARN_UNINITIALIZED_AUTOS = YES_AGGRESSIVE;
				GCC_WARN_UNUSED_FUNCTION = YES;
				GCC_WARN_UNUSED_VARIABLE = YES;
				IPHONEOS_DEPLOYMENT_TARGET = 8.0;
				MTL_ENABLE_DEBUG_INFO = YES;
				ONLY_ACTIVE_ARCH = YES;
				SDKROOT = iphoneos;
				SWIFT_ACTIVE_COMPILATION_CONDITIONS = DEBUG;
				SWIFT_OPTIMIZATION_LEVEL = "-Onone";
			};
			name = Debug;
		};
		424E3D4F206AA71E00C49E81 /* Release */ = {
			isa = XCBuildConfiguration;
			buildSettings = {
				ALWAYS_SEARCH_USER_PATHS = NO;
				CLANG_ANALYZER_NONNULL = YES;
				CLANG_ANALYZER_NUMBER_OBJECT_CONVERSION = YES_AGGRESSIVE;
				CLANG_CXX_LANGUAGE_STANDARD = "gnu++14";
				CLANG_CXX_LIBRARY = "libc++";
				CLANG_ENABLE_MODULES = YES;
				CLANG_ENABLE_OBJC_ARC = YES;
				CLANG_WARN_BLOCK_CAPTURE_AUTORELEASING = YES;
				CLANG_WARN_BOOL_CONVERSION = YES;
				CLANG_WARN_COMMA = YES;
				CLANG_WARN_CONSTANT_CONVERSION = YES;
				CLANG_WARN_DIRECT_OBJC_ISA_USAGE = YES_ERROR;
				CLANG_WARN_DOCUMENTATION_COMMENTS = YES;
				CLANG_WARN_EMPTY_BODY = YES;
				CLANG_WARN_ENUM_CONVERSION = YES;
				CLANG_WARN_INFINITE_RECURSION = YES;
				CLANG_WARN_INT_CONVERSION = YES;
				CLANG_WARN_NON_LITERAL_NULL_CONVERSION = YES;
				CLANG_WARN_OBJC_LITERAL_CONVERSION = YES;
				CLANG_WARN_OBJC_ROOT_CLASS = YES_ERROR;
				CLANG_WARN_RANGE_LOOP_ANALYSIS = YES;
				CLANG_WARN_STRICT_PROTOTYPES = YES;
				CLANG_WARN_SUSPICIOUS_MOVE = YES;
				CLANG_WARN_UNGUARDED_AVAILABILITY = YES_AGGRESSIVE;
				CLANG_WARN_UNREACHABLE_CODE = YES;
				CLANG_WARN__DUPLICATE_METHOD_MATCH = YES;
				CODE_SIGN_IDENTITY = "iPhone Developer";
				COPY_PHASE_STRIP = NO;
				DEBUG_INFORMATION_FORMAT = "dwarf-with-dsym";
				ENABLE_NS_ASSERTIONS = NO;
				ENABLE_STRICT_OBJC_MSGSEND = YES;
				GCC_C_LANGUAGE_STANDARD = gnu11;
				GCC_NO_COMMON_BLOCKS = YES;
				GCC_WARN_64_TO_32_BIT_CONVERSION = YES;
				GCC_WARN_ABOUT_RETURN_TYPE = YES_ERROR;
				GCC_WARN_UNDECLARED_SELECTOR = YES;
				GCC_WARN_UNINITIALIZED_AUTOS = YES_AGGRESSIVE;
				GCC_WARN_UNUSED_FUNCTION = YES;
				GCC_WARN_UNUSED_VARIABLE = YES;
				IPHONEOS_DEPLOYMENT_TARGET = 8.0;
				MTL_ENABLE_DEBUG_INFO = NO;
				SDKROOT = iphoneos;
				SWIFT_OPTIMIZATION_LEVEL = "-Owholemodule";
				VALIDATE_PRODUCT = YES;
			};
			name = Release;
		};
		424E3D51206AA71E00C49E81 /* Debug */ = {
			isa = XCBuildConfiguration;
			baseConfigurationReference = 112B1D4592F11646C7461071 /* Pods-QRCode-Generator.debug.xcconfig */;
			buildSettings = {
				ASSETCATALOG_COMPILER_APPICON_NAME = AppIcon;
				CODE_SIGN_STYLE = Automatic;
				DEVELOPMENT_TEAM = S2C8988WQX;
				INFOPLIST_FILE = "QRCode-Generator/Info.plist";
				IPHONEOS_DEPLOYMENT_TARGET = 8.0;
				LD_RUNPATH_SEARCH_PATHS = "$(inherited) @executable_path/Frameworks";
				PRODUCT_BUNDLE_IDENTIFIER = "com.citrusCircuits.QRCode-Generator";
				PRODUCT_NAME = "$(TARGET_NAME)";
				SWIFT_VERSION = 4.0;
				TARGETED_DEVICE_FAMILY = "1,2";
			};
			name = Debug;
		};
		424E3D52206AA71E00C49E81 /* Release */ = {
			isa = XCBuildConfiguration;
			baseConfigurationReference = 1458697859EE3FA86BA95D19 /* Pods-QRCode-Generator.release.xcconfig */;
			buildSettings = {
				ASSETCATALOG_COMPILER_APPICON_NAME = AppIcon;
				CODE_SIGN_STYLE = Automatic;
				DEVELOPMENT_TEAM = S2C8988WQX;
				INFOPLIST_FILE = "QRCode-Generator/Info.plist";
				IPHONEOS_DEPLOYMENT_TARGET = 8.0;
				LD_RUNPATH_SEARCH_PATHS = "$(inherited) @executable_path/Frameworks";
				PRODUCT_BUNDLE_IDENTIFIER = "com.citrusCircuits.QRCode-Generator";
				PRODUCT_NAME = "$(TARGET_NAME)";
				SWIFT_VERSION = 4.0;
				TARGETED_DEVICE_FAMILY = "1,2";
			};
			name = Release;
		};
		424E3D54206AA71E00C49E81 /* Debug */ = {
			isa = XCBuildConfiguration;
			baseConfigurationReference = 32EB9EBEEA6262F1577F1629 /* Pods-QRCode-GeneratorTests.debug.xcconfig */;
			buildSettings = {
				ALWAYS_EMBED_SWIFT_STANDARD_LIBRARIES = YES;
				BUNDLE_LOADER = "$(TEST_HOST)";
				CODE_SIGN_STYLE = Automatic;
				DEVELOPMENT_TEAM = S2C8988WQX;
				INFOPLIST_FILE = "QRCode-GeneratorTests/Info.plist";
				LD_RUNPATH_SEARCH_PATHS = "$(inherited) @executable_path/Frameworks @loader_path/Frameworks";
				PRODUCT_BUNDLE_IDENTIFIER = "com.citrusCircuits.QRCode-GeneratorTests";
				PRODUCT_NAME = "$(TARGET_NAME)";
				SWIFT_VERSION = 4.0;
				TARGETED_DEVICE_FAMILY = "1,2";
				TEST_HOST = "$(BUILT_PRODUCTS_DIR)/QRCode-Generator.app/QRCode-Generator";
			};
			name = Debug;
		};
		424E3D55206AA71E00C49E81 /* Release */ = {
			isa = XCBuildConfiguration;
			baseConfigurationReference = A6B190822776F31C3B496CB0 /* Pods-QRCode-GeneratorTests.release.xcconfig */;
			buildSettings = {
				ALWAYS_EMBED_SWIFT_STANDARD_LIBRARIES = YES;
				BUNDLE_LOADER = "$(TEST_HOST)";
				CODE_SIGN_STYLE = Automatic;
				DEVELOPMENT_TEAM = S2C8988WQX;
				INFOPLIST_FILE = "QRCode-GeneratorTests/Info.plist";
				LD_RUNPATH_SEARCH_PATHS = "$(inherited) @executable_path/Frameworks @loader_path/Frameworks";
				PRODUCT_BUNDLE_IDENTIFIER = "com.citrusCircuits.QRCode-GeneratorTests";
				PRODUCT_NAME = "$(TARGET_NAME)";
				SWIFT_VERSION = 4.0;
				TARGETED_DEVICE_FAMILY = "1,2";
				TEST_HOST = "$(BUILT_PRODUCTS_DIR)/QRCode-Generator.app/QRCode-Generator";
			};
			name = Release;
		};
		424E3D57206AA71E00C49E81 /* Debug */ = {
			isa = XCBuildConfiguration;
			baseConfigurationReference = 61FB0E4D061BA41B49B02B6D /* Pods-QRCode-GeneratorUITests.debug.xcconfig */;
			buildSettings = {
				ALWAYS_EMBED_SWIFT_STANDARD_LIBRARIES = YES;
				CODE_SIGN_STYLE = Automatic;
				DEVELOPMENT_TEAM = S2C8988WQX;
				INFOPLIST_FILE = "QRCode-GeneratorUITests/Info.plist";
				LD_RUNPATH_SEARCH_PATHS = "$(inherited) @executable_path/Frameworks @loader_path/Frameworks";
				PRODUCT_BUNDLE_IDENTIFIER = "com.citrusCircuits.QRCode-GeneratorUITests";
				PRODUCT_NAME = "$(TARGET_NAME)";
				SWIFT_VERSION = 4.0;
				TARGETED_DEVICE_FAMILY = "1,2";
				TEST_TARGET_NAME = "QRCode-Generator";
			};
			name = Debug;
		};
		424E3D58206AA71E00C49E81 /* Release */ = {
			isa = XCBuildConfiguration;
			baseConfigurationReference = 1E752C6CDDB77ADEB13D1597 /* Pods-QRCode-GeneratorUITests.release.xcconfig */;
			buildSettings = {
				ALWAYS_EMBED_SWIFT_STANDARD_LIBRARIES = YES;
				CODE_SIGN_STYLE = Automatic;
				DEVELOPMENT_TEAM = S2C8988WQX;
				INFOPLIST_FILE = "QRCode-GeneratorUITests/Info.plist";
				LD_RUNPATH_SEARCH_PATHS = "$(inherited) @executable_path/Frameworks @loader_path/Frameworks";
				PRODUCT_BUNDLE_IDENTIFIER = "com.citrusCircuits.QRCode-GeneratorUITests";
				PRODUCT_NAME = "$(TARGET_NAME)";
				SWIFT_VERSION = 4.0;
				TARGETED_DEVICE_FAMILY = "1,2";
				TEST_TARGET_NAME = "QRCode-Generator";
			};
			name = Release;
		};
/* End XCBuildConfiguration section */

/* Begin XCConfigurationList section */
		424E3D23206AA71E00C49E81 /* Build configuration list for PBXProject "QRCode-Generator" */ = {
			isa = XCConfigurationList;
			buildConfigurations = (
				424E3D4E206AA71E00C49E81 /* Debug */,
				424E3D4F206AA71E00C49E81 /* Release */,
			);
			defaultConfigurationIsVisible = 0;
			defaultConfigurationName = Release;
		};
		424E3D50206AA71E00C49E81 /* Build configuration list for PBXNativeTarget "QRCode-Generator" */ = {
			isa = XCConfigurationList;
			buildConfigurations = (
				424E3D51206AA71E00C49E81 /* Debug */,
				424E3D52206AA71E00C49E81 /* Release */,
			);
			defaultConfigurationIsVisible = 0;
			defaultConfigurationName = Release;
		};
		424E3D53206AA71E00C49E81 /* Build configuration list for PBXNativeTarget "QRCode-GeneratorTests" */ = {
			isa = XCConfigurationList;
			buildConfigurations = (
				424E3D54206AA71E00C49E81 /* Debug */,
				424E3D55206AA71E00C49E81 /* Release */,
			);
			defaultConfigurationIsVisible = 0;
			defaultConfigurationName = Release;
		};
		424E3D56206AA71E00C49E81 /* Build configuration list for PBXNativeTarget "QRCode-GeneratorUITests" */ = {
			isa = XCConfigurationList;
			buildConfigurations = (
				424E3D57206AA71E00C49E81 /* Debug */,
				424E3D58206AA71E00C49E81 /* Release */,
			);
			defaultConfigurationIsVisible = 0;
			defaultConfigurationName = Release;
		};
/* End XCConfigurationList section */
	};
	rootObject = 424E3D20206AA71E00C49E81 /* Project object */;
}
